
Microsoft Visual Studio Solution File, Format Version 12.00
# Visual Studio Version 17
VisualStudioVersion = 17.10.35122.118
MinimumVisualStudioVersion = 10.0.40219.1
Project("{FAE04EC0-301F-11D3-BF4B-00C04F79EFBC}") = "TikTacFinni", "TikTacFinni.csproj", "{865E2474-F503-4963-9FEF-66D185FA138B}"
EndProject
Global
	GlobalSection(SolutionConfigurationPlatforms) = preSolution
		Debug|Any CPU = Debug|Any CPU
		Release|Any CPU = Release|Any CPU
	EndGlobalSection
	GlobalSection(ProjectConfigurationPlatforms) = postSolution
		{865E2474-F503-4963-9FEF-66D185FA138B}.Debug|Any CPU.ActiveCfg = Debug|Any CPU
		{865E2474-F503-4963-9FEF-66D185FA138B}.Debug|Any CPU.Build.0 = Debug|Any CPU
		{865E2474-F503-4963-9FEF-66D185FA138B}.Release|Any CPU.ActiveCfg = Release|Any CPU
		{865E2474-F503-4963-9FEF-66D185FA138B}.Release|Any CPU.Build.0 = Release|Any CPU
	EndGlobalSection
	GlobalSection(SolutionProperties) = preSolution
		HideSolutionNode = FALSE
	EndGlobalSection
	GlobalSection(ExtensibilityGlobals) = postSolution
		SolutionGuid = {235F3BB9-326E-4F42-B596-578B86CAE69E}
	EndGlobalSection
EndGlobal
